
Microsoft Visual Studio Solution File, Format Version 12.00
# Visual Studio Version 17
VisualStudioVersion = 17.6.33829.357
MinimumVisualStudioVersion = 10.0.40219.1
Project("{9A19103F-16F7-4668-BE54-9A1E7A4F7556}") = "NetMapper", "NetMapper\NetMapper.csproj", "{01031D12-196F-4F63-846E-937386699D5B}"
EndProject
Project("{9A19103F-16F7-4668-BE54-9A1E7A4F7556}") = "ConsoleTest", "ConsoleTest\ConsoleTest.csproj", "{30A75687-A8E6-4B83-8628-DB3C8EE8F82D}"
EndProject
Global
	GlobalSection(SolutionConfigurationPlatforms) = preSolution
		Debug|Any CPU = Debug|Any CPU
		Release|Any CPU = Release|Any CPU
	EndGlobalSection
	GlobalSection(ProjectConfigurationPlatforms) = postSolution
		{01031D12-196F-4F63-846E-937386699D5B}.Debug|Any CPU.ActiveCfg = Debug|Any CPU
		{01031D12-196F-4F63-846E-937386699D5B}.Debug|Any CPU.Build.0 = Debug|Any CPU
		{01031D12-196F-4F63-846E-937386699D5B}.Release|Any CPU.ActiveCfg = Release|Any CPU
		{01031D12-196F-4F63-846E-937386699D5B}.Release|Any CPU.Build.0 = Release|Any CPU
		{30A75687-A8E6-4B83-8628-DB3C8EE8F82D}.Debug|Any CPU.ActiveCfg = Debug|Any CPU
		{30A75687-A8E6-4B83-8628-DB3C8EE8F82D}.Debug|Any CPU.Build.0 = Debug|Any CPU
		{30A75687-A8E6-4B83-8628-DB3C8EE8F82D}.Release|Any CPU.ActiveCfg = Release|Any CPU
		{30A75687-A8E6-4B83-8628-DB3C8EE8F82D}.Release|Any CPU.Build.0 = Release|Any CPU
	EndGlobalSection
	GlobalSection(SolutionProperties) = preSolution
		HideSolutionNode = FALSE
	EndGlobalSection
	GlobalSection(ExtensibilityGlobals) = postSolution
		SolutionGuid = {D64603B2-1C8B-4097-86EB-E30AB1F2EEC9}
	EndGlobalSection
EndGlobal
