
Microsoft Visual Studio Solution File, Format Version 12.00
# Visual Studio Version 17
VisualStudioVersion = 17.6.33829.357
MinimumVisualStudioVersion = 10.0.40219.1
Project("{9A19103F-16F7-4668-BE54-9A1E7A4F7556}") = "NetMapper", "NetDriveManager\NetMapper.csproj", "{F6BE841D-EE1A-4D8F-A420-AFBC8323DA7D}"
EndProject
Project("{9A19103F-16F7-4668-BE54-9A1E7A4F7556}") = "ConsoleTest", "ConsoleTest\ConsoleTest.csproj", "{82E80991-3B36-4800-B822-707BDA63215E}"
EndProject
Global
	GlobalSection(SolutionConfigurationPlatforms) = preSolution
		Debug|Any CPU = Debug|Any CPU
		Debug|ARM64 = Debug|ARM64
		Debug|x64 = Debug|x64
		Debug|x86 = Debug|x86
		Release|Any CPU = Release|Any CPU
		Release|ARM64 = Release|ARM64
		Release|x64 = Release|x64
		Release|x86 = Release|x86
	EndGlobalSection
	GlobalSection(ProjectConfigurationPlatforms) = postSolution
		{F6BE841D-EE1A-4D8F-A420-AFBC8323DA7D}.Debug|Any CPU.ActiveCfg = Debug|Any CPU
		{F6BE841D-EE1A-4D8F-A420-AFBC8323DA7D}.Debug|Any CPU.Build.0 = Debug|Any CPU
		{F6BE841D-EE1A-4D8F-A420-AFBC8323DA7D}.Debug|ARM64.ActiveCfg = Debug|Any CPU
		{F6BE841D-EE1A-4D8F-A420-AFBC8323DA7D}.Debug|ARM64.Build.0 = Debug|Any CPU
		{F6BE841D-EE1A-4D8F-A420-AFBC8323DA7D}.Debug|x64.ActiveCfg = Debug|Any CPU
		{F6BE841D-EE1A-4D8F-A420-AFBC8323DA7D}.Debug|x64.Build.0 = Debug|Any CPU
		{F6BE841D-EE1A-4D8F-A420-AFBC8323DA7D}.Debug|x86.ActiveCfg = Debug|Any CPU
		{F6BE841D-EE1A-4D8F-A420-AFBC8323DA7D}.Debug|x86.Build.0 = Debug|Any CPU
		{F6BE841D-EE1A-4D8F-A420-AFBC8323DA7D}.Release|Any CPU.ActiveCfg = Release|Any CPU
		{F6BE841D-EE1A-4D8F-A420-AFBC8323DA7D}.Release|Any CPU.Build.0 = Release|Any CPU
		{F6BE841D-EE1A-4D8F-A420-AFBC8323DA7D}.Release|ARM64.ActiveCfg = Release|Any CPU
		{F6BE841D-EE1A-4D8F-A420-AFBC8323DA7D}.Release|ARM64.Build.0 = Release|Any CPU
		{F6BE841D-EE1A-4D8F-A420-AFBC8323DA7D}.Release|x64.ActiveCfg = Release|Any CPU
		{F6BE841D-EE1A-4D8F-A420-AFBC8323DA7D}.Release|x64.Build.0 = Release|Any CPU
		{F6BE841D-EE1A-4D8F-A420-AFBC8323DA7D}.Release|x86.ActiveCfg = Release|Any CPU
		{F6BE841D-EE1A-4D8F-A420-AFBC8323DA7D}.Release|x86.Build.0 = Release|Any CPU
		{82E80991-3B36-4800-B822-707BDA63215E}.Debug|Any CPU.ActiveCfg = Debug|Any CPU
		{82E80991-3B36-4800-B822-707BDA63215E}.Debug|Any CPU.Build.0 = Debug|Any CPU
		{82E80991-3B36-4800-B822-707BDA63215E}.Debug|ARM64.ActiveCfg = Debug|Any CPU
		{82E80991-3B36-4800-B822-707BDA63215E}.Debug|ARM64.Build.0 = Debug|Any CPU
		{82E80991-3B36-4800-B822-707BDA63215E}.Debug|x64.ActiveCfg = Debug|Any CPU
		{82E80991-3B36-4800-B822-707BDA63215E}.Debug|x64.Build.0 = Debug|Any CPU
		{82E80991-3B36-4800-B822-707BDA63215E}.Debug|x86.ActiveCfg = Debug|Any CPU
		{82E80991-3B36-4800-B822-707BDA63215E}.Debug|x86.Build.0 = Debug|Any CPU
		{82E80991-3B36-4800-B822-707BDA63215E}.Release|Any CPU.ActiveCfg = Release|Any CPU
		{82E80991-3B36-4800-B822-707BDA63215E}.Release|Any CPU.Build.0 = Release|Any CPU
		{82E80991-3B36-4800-B822-707BDA63215E}.Release|ARM64.ActiveCfg = Release|Any CPU
		{82E80991-3B36-4800-B822-707BDA63215E}.Release|ARM64.Build.0 = Release|Any CPU
		{82E80991-3B36-4800-B822-707BDA63215E}.Release|x64.ActiveCfg = Release|Any CPU
		{82E80991-3B36-4800-B822-707BDA63215E}.Release|x64.Build.0 = Release|Any CPU
		{82E80991-3B36-4800-B822-707BDA63215E}.Release|x86.ActiveCfg = Release|Any CPU
		{82E80991-3B36-4800-B822-707BDA63215E}.Release|x86.Build.0 = Release|Any CPU
	EndGlobalSection
	GlobalSection(SolutionProperties) = preSolution
		HideSolutionNode = FALSE
	EndGlobalSection
	GlobalSection(ExtensibilityGlobals) = postSolution
		SolutionGuid = {D64603B2-1C8B-4097-86EB-E30AB1F2EEC9}
	EndGlobalSection
EndGlobal
