
Microsoft Visual Studio Solution File, Format Version 12.00
# Visual Studio Version 17
VisualStudioVersion = 17.6.33829.357
MinimumVisualStudioVersion = 10.0.40219.1
Project("{9A19103F-16F7-4668-BE54-9A1E7A4F7556}") = "NetworkDrive", "NetworkDrive\NetworkDrive.csproj", "{253789FA-D179-4DCD-80A9-88177848A368}"
EndProject
Project("{FAE04EC0-301F-11D3-BF4B-00C04F79EFBC}") = "NetworkDriveConsole", "NetworkDriveConsole\NetworkDriveConsole.csproj", "{715737CD-7259-447A-89E5-6ABAB47E5BA3}"
EndProject
Global
	GlobalSection(SolutionConfigurationPlatforms) = preSolution
		Debug|Any CPU = Debug|Any CPU
		Release|Any CPU = Release|Any CPU
	EndGlobalSection
	GlobalSection(ProjectConfigurationPlatforms) = postSolution
		{253789FA-D179-4DCD-80A9-88177848A368}.Debug|Any CPU.ActiveCfg = Debug|Any CPU
		{253789FA-D179-4DCD-80A9-88177848A368}.Debug|Any CPU.Build.0 = Debug|Any CPU
		{253789FA-D179-4DCD-80A9-88177848A368}.Release|Any CPU.ActiveCfg = Release|Any CPU
		{253789FA-D179-4DCD-80A9-88177848A368}.Release|Any CPU.Build.0 = Release|Any CPU
		{715737CD-7259-447A-89E5-6ABAB47E5BA3}.Debug|Any CPU.ActiveCfg = Debug|Any CPU
		{715737CD-7259-447A-89E5-6ABAB47E5BA3}.Debug|Any CPU.Build.0 = Debug|Any CPU
		{715737CD-7259-447A-89E5-6ABAB47E5BA3}.Release|Any CPU.ActiveCfg = Release|Any CPU
		{715737CD-7259-447A-89E5-6ABAB47E5BA3}.Release|Any CPU.Build.0 = Release|Any CPU
	EndGlobalSection
	GlobalSection(SolutionProperties) = preSolution
		HideSolutionNode = FALSE
	EndGlobalSection
	GlobalSection(ExtensibilityGlobals) = postSolution
		SolutionGuid = {D64603B2-1C8B-4097-86EB-E30AB1F2EEC9}
	EndGlobalSection
EndGlobal
